# This file was autogenerated by Stack.
# You should not edit this file by hand.
# For more information, please see the documentation at:
#   https://docs.haskellstack.org/en/stable/lock_files

packages: []
snapshots:
- completed:
    sha256: 020f6fc14d93c98407f9b8981c76f97ee8a9a9246fd399f21e56a92f44242b58
    size: 632543
    url: https://raw.githubusercontent.com/commercialhaskell/stackage-snapshots/master/nightly/2023/6/14.yaml
  original: nightly-2023-06-14
